
Microsoft Visual Studio Solution File, Format Version 12.00
# Visual Studio Version 16
VisualStudioVersion = 16.0.30907.101
MinimumVisualStudioVersion = 10.0.40219.1
Project("{FAE04EC0-301F-11D3-BF4B-00C04F79EFBC}") = "ednevnik", "ednevnik.csproj", "{B575B8E8-77F4-44AD-B348-60CD6832E989}"
EndProject
Global
	GlobalSection(SolutionConfigurationPlatforms) = preSolution
		Debug|Any CPU = Debug|Any CPU
		Release|Any CPU = Release|Any CPU
	EndGlobalSection
	GlobalSection(ProjectConfigurationPlatforms) = postSolution
		{B575B8E8-77F4-44AD-B348-60CD6832E989}.Debug|Any CPU.ActiveCfg = Debug|Any CPU
		{B575B8E8-77F4-44AD-B348-60CD6832E989}.Debug|Any CPU.Build.0 = Debug|Any CPU
		{B575B8E8-77F4-44AD-B348-60CD6832E989}.Release|Any CPU.ActiveCfg = Release|Any CPU
		{B575B8E8-77F4-44AD-B348-60CD6832E989}.Release|Any CPU.Build.0 = Release|Any CPU
	EndGlobalSection
	GlobalSection(SolutionProperties) = preSolution
		HideSolutionNode = FALSE
	EndGlobalSection
	GlobalSection(ExtensibilityGlobals) = postSolution
		SolutionGuid = {DA5BDCFA-D98C-409D-99FF-F9814622D3AE}
	EndGlobalSection
EndGlobal
